
Microsoft Visual Studio Solution File, Format Version 12.00
# Visual Studio Version 17
VisualStudioVersion = 17.0.31903.59
MinimumVisualStudioVersion = 10.0.40219.1
Project("{9A19103F-16F7-4668-BE54-9A1E7A4F7556}") = "FancyLibTests", "FancyLibTests\FancyLibTests.csproj", "{1BB0A36F-1BE0-4BB4-9BD6-70FC1B1C7395}"
EndProject
Project("{9A19103F-16F7-4668-BE54-9A1E7A4F7556}") = "FancyLib", "FancyLib\FancyLib.csproj", "{57EBB1CD-FDD3-40B8-BE13-688CBCF27463}"
EndProject
Global
	GlobalSection(SolutionConfigurationPlatforms) = preSolution
		Debug|Any CPU = Debug|Any CPU
		Release|Any CPU = Release|Any CPU
	EndGlobalSection
	GlobalSection(ProjectConfigurationPlatforms) = postSolution
		{1BB0A36F-1BE0-4BB4-9BD6-70FC1B1C7395}.Debug|Any CPU.ActiveCfg = Debug|Any CPU
		{1BB0A36F-1BE0-4BB4-9BD6-70FC1B1C7395}.Debug|Any CPU.Build.0 = Debug|Any CPU
		{1BB0A36F-1BE0-4BB4-9BD6-70FC1B1C7395}.Release|Any CPU.ActiveCfg = Release|Any CPU
		{1BB0A36F-1BE0-4BB4-9BD6-70FC1B1C7395}.Release|Any CPU.Build.0 = Release|Any CPU
		{57EBB1CD-FDD3-40B8-BE13-688CBCF27463}.Debug|Any CPU.ActiveCfg = Debug|Any CPU
		{57EBB1CD-FDD3-40B8-BE13-688CBCF27463}.Debug|Any CPU.Build.0 = Debug|Any CPU
		{57EBB1CD-FDD3-40B8-BE13-688CBCF27463}.Release|Any CPU.ActiveCfg = Release|Any CPU
		{57EBB1CD-FDD3-40B8-BE13-688CBCF27463}.Release|Any CPU.Build.0 = Release|Any CPU
	EndGlobalSection
	GlobalSection(SolutionProperties) = preSolution
		HideSolutionNode = FALSE
	EndGlobalSection
	GlobalSection(ExtensibilityGlobals) = postSolution
		SolutionGuid = {670295B2-8CA1-46E3-80A2-BA5BC3F6D2F5}
	EndGlobalSection
EndGlobal
